
Microsoft Visual Studio Solution File, Format Version 12.00
# Visual Studio Version 16
VisualStudioVersion = 16.0.30517.126
MinimumVisualStudioVersion = 10.0.40219.1
Project("{FAE04EC0-301F-11D3-BF4B-00C04F79EFBC}") = "BlackSheep", "BlackSheep\BlackSheep.csproj", "{40A595C8-0630-402D-9C10-678DC87F4781}"
EndProject
Project("{FAE04EC0-301F-11D3-BF4B-00C04F79EFBC}") = "Seasons", "Seasons\Seasons.csproj", "{07F17097-6F47-424C-8492-4B231D94BAD0}"
EndProject
Project("{FAE04EC0-301F-11D3-BF4B-00C04F79EFBC}") = "RandomQuote", "RandomQuote\RandomQuote.csproj", "{B4729CB1-F35E-4BF6-9823-F2A50789AED5}"
EndProject
Global
	GlobalSection(SolutionConfigurationPlatforms) = preSolution
		Debug|Any CPU = Debug|Any CPU
		Release|Any CPU = Release|Any CPU
	EndGlobalSection
	GlobalSection(ProjectConfigurationPlatforms) = postSolution
		{40A595C8-0630-402D-9C10-678DC87F4781}.Debug|Any CPU.ActiveCfg = Debug|Any CPU
		{40A595C8-0630-402D-9C10-678DC87F4781}.Debug|Any CPU.Build.0 = Debug|Any CPU
		{40A595C8-0630-402D-9C10-678DC87F4781}.Release|Any CPU.ActiveCfg = Release|Any CPU
		{40A595C8-0630-402D-9C10-678DC87F4781}.Release|Any CPU.Build.0 = Release|Any CPU
		{07F17097-6F47-424C-8492-4B231D94BAD0}.Debug|Any CPU.ActiveCfg = Debug|Any CPU
		{07F17097-6F47-424C-8492-4B231D94BAD0}.Debug|Any CPU.Build.0 = Debug|Any CPU
		{07F17097-6F47-424C-8492-4B231D94BAD0}.Release|Any CPU.ActiveCfg = Release|Any CPU
		{07F17097-6F47-424C-8492-4B231D94BAD0}.Release|Any CPU.Build.0 = Release|Any CPU
		{B4729CB1-F35E-4BF6-9823-F2A50789AED5}.Debug|Any CPU.ActiveCfg = Debug|Any CPU
		{B4729CB1-F35E-4BF6-9823-F2A50789AED5}.Debug|Any CPU.Build.0 = Debug|Any CPU
		{B4729CB1-F35E-4BF6-9823-F2A50789AED5}.Release|Any CPU.ActiveCfg = Release|Any CPU
		{B4729CB1-F35E-4BF6-9823-F2A50789AED5}.Release|Any CPU.Build.0 = Release|Any CPU
	EndGlobalSection
	GlobalSection(SolutionProperties) = preSolution
		HideSolutionNode = FALSE
	EndGlobalSection
	GlobalSection(ExtensibilityGlobals) = postSolution
		SolutionGuid = {7519D598-A81D-49B0-8B4B-7E9D02F06FAE}
	EndGlobalSection
EndGlobal
